Microsoft Visual Studio Solution File, Format Version 11.00
# Visual Studio 2008

Project("{57223C55-9AFD-FC2B-CA5C-03A4BF3DE60F}") = "FirstPhaseUI", "Assembly-CSharp.csproj", "{FEA745DE-A26F-21CF-EE55-7527ED88F304}"
EndProject
Global
	GlobalSection(SolutionConfigurationPlatforms) = preSolution
		Debug|Any CPU = Debug|Any CPU
		Release|Any CPU = Release|Any CPU
	EndGlobalSection
	GlobalSection(ProjectConfigurationPlatforms) = postSolution
		{FEA745DE-A26F-21CF-EE55-7527ED88F304}.Debug|Any CPU.ActiveCfg = Debug|Any CPU
		{FEA745DE-A26F-21CF-EE55-7527ED88F304}.Debug|Any CPU.Build.0 = Debug|Any CPU
		{FEA745DE-A26F-21CF-EE55-7527ED88F304}.Release|Any CPU.ActiveCfg = Release|Any CPU
		{FEA745DE-A26F-21CF-EE55-7527ED88F304}.Release|Any CPU.Build.0 = Release|Any CPU
	EndGlobalSection
	GlobalSection(SolutionProperties) = preSolution
		HideSolutionNode = FALSE
	EndGlobalSection
	GlobalSection(MonoDevelopProperties) = preSolution
		StartupItem = Assembly-CSharp.csproj
	EndGlobalSection
EndGlobal
